
Microsoft Visual Studio Solution File, Format Version 12.00
# Visual Studio Version 17
VisualStudioVersion = 17.4.33205.214
MinimumVisualStudioVersion = 10.0.40219.1
Project("{FAE04EC0-301F-11D3-BF4B-00C04F79EFBC}") = "MVCOnlineTicariOtomasyon", "MVCOnlineTicariOtomasyon\MVCOnlineTicariOtomasyon.csproj", "{F5D9F89E-4786-4E65-B2A0-5226E30139D7}"
EndProject
Global
	GlobalSection(SolutionConfigurationPlatforms) = preSolution
		Debug|Any CPU = Debug|Any CPU
		Release|Any CPU = Release|Any CPU
	EndGlobalSection
	GlobalSection(ProjectConfigurationPlatforms) = postSolution
		{F5D9F89E-4786-4E65-B2A0-5226E30139D7}.Debug|Any CPU.ActiveCfg = Debug|Any CPU
		{F5D9F89E-4786-4E65-B2A0-5226E30139D7}.Debug|Any CPU.Build.0 = Debug|Any CPU
		{F5D9F89E-4786-4E65-B2A0-5226E30139D7}.Release|Any CPU.ActiveCfg = Release|Any CPU
		{F5D9F89E-4786-4E65-B2A0-5226E30139D7}.Release|Any CPU.Build.0 = Release|Any CPU
	EndGlobalSection
	GlobalSection(SolutionProperties) = preSolution
		HideSolutionNode = FALSE
	EndGlobalSection
	GlobalSection(ExtensibilityGlobals) = postSolution
		SolutionGuid = {29228AE0-EAC7-490C-B852-48D1685E1D12}
	EndGlobalSection
EndGlobal
